# THIS IS AN AUTOGENERATED FILE. DO NOT EDIT THIS FILE DIRECTLY.
# yarn lockfile v1


ansi-colors@^3.2.1:
  version "3.2.3"
  resolved "https://registry.yarnpkg.com/ansi-colors/-/ansi-colors-3.2.3.tgz#57d35b8686e851e2cc04c403f1c00203976a1813"
  integrity sha512-LEHHyuhlPY3TmuUYMh2oz89lTShfvgbmzaBcxve9t/9Wuy7Dwf4yoAKcND7KFT1HAQfqZ12qtc+DUrBMeKF9nw==

brainjs@0.7.4:
  version "0.7.4"
  resolved "https://registry.yarnpkg.com/brainjs/-/brainjs-0.7.4.tgz#1906573acb06a47b88bb98c92f39debb8b624ff6"
  integrity sha1-GQZXOssGpHuIu5jJLzneu4tiT/Y=
  dependencies:
    inherits "~2.0.1"
    underscore ">=1.5.1"

enquirer@^2.2.0:
  version "2.2.0"
  resolved "https://registry.yarnpkg.com/enquirer/-/enquirer-2.2.0.tgz#beb4415e6293a6214de0fd405398e994da775d66"
  integrity sha512-etPgLOWzaJ7qgJyQEVvSG+vOjkldCYJ3ZnDsY/ZF++O/K30rbWUTyUdoz03fg1EF7WtJHIKWdQDHSSYtzNqtTQ==
  dependencies:
    ansi-colors "^3.2.1"

inherits@~2.0.1:
  version "2.0.3"
  resolved "https://registry.yarnpkg.com/inherits/-/inherits-2.0.3.tgz#633c2c83e3da42a502f52466022480f4208261de"
  integrity sha1-Yzwsg+PaQqUC9SRmAiSA9CCCYd4=

rock-paper-scissors-ml@^1.1.0:
  version "1.1.0"
  resolved "https://registry.yarnpkg.com/rock-paper-scissors-ml/-/rock-paper-scissors-ml-1.1.0.tgz#3341d798a1568b15b2d3127815c597d85fa0f4fb"
  integrity sha512-n3y5IcFuDyf8hlJAK8GNZ5jDjyuoDq+vEyANioYVR50yFxnBolWHrSdhoZqEP9D73AZp4oNJuu/Adm3r7eB7Bw==
  dependencies:
    brainjs "0.7.4"

underscore@>=1.5.1:
  version "1.9.1"
  resolved "https://registry.yarnpkg.com/underscore/-/underscore-1.9.1.tgz#06dce34a0e68a7babc29b365b8e74b8925203961"
  integrity sha512-5/4etnCkd9c8gwgowi5/om/mYO5ajCaOgdzj/oW+0eQV9WxKBDZw5+ycmKmeaTXjInS/W0BzpGLo2xR2aBwZdg==
